
Microsoft Visual Studio Solution File, Format Version 12.00
# Visual Studio Version 17
VisualStudioVersion = 17.1.32210.238
MinimumVisualStudioVersion = 10.0.40219.1
Project("{FAE04EC0-301F-11D3-BF4B-00C04F79EFBC}") = "Problem_no_1", "Problem_no_1\Problem_no_1.csproj", "{0ED445BB-6CE1-41D8-B698-9BAFC222F4B2}"
EndProject
Project("{FAE04EC0-301F-11D3-BF4B-00C04F79EFBC}") = "Problem_no_2", "Problem_no_2\Problem_no_2.csproj", "{90FAB8D8-DD7B-4BC2-BEFE-3EA73E6CB1BF}"
EndProject
Project("{FAE04EC0-301F-11D3-BF4B-00C04F79EFBC}") = "Problem_no_3", "Problem_no_3\Problem_no_3.csproj", "{34F13182-7641-48AD-B28B-438F52D510FB}"
EndProject
Project("{FAE04EC0-301F-11D3-BF4B-00C04F79EFBC}") = "Problem_no_4", "Problem_no_4\Problem_no_4.csproj", "{C8EF840A-164B-4186-BEA2-093929CAC921}"
EndProject
Project("{FAE04EC0-301F-11D3-BF4B-00C04F79EFBC}") = "Problem_no_5", "Problem_no_5\Problem_no_5.csproj", "{70D6689D-4626-4BDC-A9DE-AF11C798B151}"
EndProject
Global
	GlobalSection(SolutionConfigurationPlatforms) = preSolution
		Debug|Any CPU = Debug|Any CPU
		Release|Any CPU = Release|Any CPU
	EndGlobalSection
	GlobalSection(ProjectConfigurationPlatforms) = postSolution
		{0ED445BB-6CE1-41D8-B698-9BAFC222F4B2}.Debug|Any CPU.ActiveCfg = Debug|Any CPU
		{0ED445BB-6CE1-41D8-B698-9BAFC222F4B2}.Debug|Any CPU.Build.0 = Debug|Any CPU
		{0ED445BB-6CE1-41D8-B698-9BAFC222F4B2}.Release|Any CPU.ActiveCfg = Release|Any CPU
		{0ED445BB-6CE1-41D8-B698-9BAFC222F4B2}.Release|Any CPU.Build.0 = Release|Any CPU
		{90FAB8D8-DD7B-4BC2-BEFE-3EA73E6CB1BF}.Debug|Any CPU.ActiveCfg = Debug|Any CPU
		{90FAB8D8-DD7B-4BC2-BEFE-3EA73E6CB1BF}.Debug|Any CPU.Build.0 = Debug|Any CPU
		{90FAB8D8-DD7B-4BC2-BEFE-3EA73E6CB1BF}.Release|Any CPU.ActiveCfg = Release|Any CPU
		{90FAB8D8-DD7B-4BC2-BEFE-3EA73E6CB1BF}.Release|Any CPU.Build.0 = Release|Any CPU
		{34F13182-7641-48AD-B28B-438F52D510FB}.Debug|Any CPU.ActiveCfg = Debug|Any CPU
		{34F13182-7641-48AD-B28B-438F52D510FB}.Debug|Any CPU.Build.0 = Debug|Any CPU
		{34F13182-7641-48AD-B28B-438F52D510FB}.Release|Any CPU.ActiveCfg = Release|Any CPU
		{34F13182-7641-48AD-B28B-438F52D510FB}.Release|Any CPU.Build.0 = Release|Any CPU
		{C8EF840A-164B-4186-BEA2-093929CAC921}.Debug|Any CPU.ActiveCfg = Debug|Any CPU
		{C8EF840A-164B-4186-BEA2-093929CAC921}.Debug|Any CPU.Build.0 = Debug|Any CPU
		{C8EF840A-164B-4186-BEA2-093929CAC921}.Release|Any CPU.ActiveCfg = Release|Any CPU
		{C8EF840A-164B-4186-BEA2-093929CAC921}.Release|Any CPU.Build.0 = Release|Any CPU
		{70D6689D-4626-4BDC-A9DE-AF11C798B151}.Debug|Any CPU.ActiveCfg = Debug|Any CPU
		{70D6689D-4626-4BDC-A9DE-AF11C798B151}.Debug|Any CPU.Build.0 = Debug|Any CPU
		{70D6689D-4626-4BDC-A9DE-AF11C798B151}.Release|Any CPU.ActiveCfg = Release|Any CPU
		{70D6689D-4626-4BDC-A9DE-AF11C798B151}.Release|Any CPU.Build.0 = Release|Any CPU
	EndGlobalSection
	GlobalSection(SolutionProperties) = preSolution
		HideSolutionNode = FALSE
	EndGlobalSection
	GlobalSection(ExtensibilityGlobals) = postSolution
		SolutionGuid = {3AD63DE3-66B1-4525-A2DA-F9E3913402B1}
	EndGlobalSection
EndGlobal
